// !$*UTF8*$!
{
	archiveVersion = 1;
	classes = {
	};
	objectVersion = 56;
	objects = {

/* Begin PBXBuildFile section */
		F581BDB628EC12B700714C28 /* gets.c in Sources */ = {isa = PBXBuildFile; fileRef = F581BDB228EC114A00714C28 /* gets.c */; };
/* End PBXBuildFile section */

/* Begin PBXCopyFilesBuildPhase section */
		F581BD9728EBEDF000714C28 /* CopyFiles */ = {
			isa = PBXCopyFilesBuildPhase;
			buildActionMask = 2147483647;
			dstPath = /usr/share/man/man1/;
			dstSubfolderSpec = 0;
			files = (
			);
			runOnlyForDeploymentPostprocessing = 1;
		};
/* End PBXCopyFilesBuildPhase section */

/* Begin PBXFileReference section */
		F581BD9928EBEDF000714C28 /* Week05 */ = {isa = PBXFileReference; explicitFileType = "compiled.mach-o.executable"; includeInIndex = 0; path = Week05; sourceTree = BUILT_PRODUCTS_DIR; };
		F581BD9C28EBEDF000714C28 /* imageProcessing.c */ = {isa = PBXFileReference; lastKnownFileType = sourcecode.c.c; path = imageProcessing.c; sourceTree = "<group>"; };
		F581BDA328EC016F00714C28 /* string1.c */ = {isa = PBXFileReference; lastKnownFileType = sourcecode.c.c; path = string1.c; sourceTree = "<group>"; };
		F581BDA528EC046200714C28 /* string2.c */ = {isa = PBXFileReference; lastKnownFileType = sourcecode.c.c; path = string2.c; sourceTree = "<group>"; };
		F581BDA728EC04DF00714C28 /* string3.c */ = {isa = PBXFileReference; lastKnownFileType = sourcecode.c.c; path = string3.c; sourceTree = "<group>"; };
		F581BDA928EC066400714C28 /* string4.c */ = {isa = PBXFileReference; lastKnownFileType = sourcecode.c.c; path = string4.c; sourceTree = "<group>"; };
		F581BDAB28EC0EB000714C28 /* stringConst.c */ = {isa = PBXFileReference; lastKnownFileType = sourcecode.c.c; path = stringConst.c; sourceTree = "<group>"; };
		F581BDAD28EC101100714C28 /* getchar.c */ = {isa = PBXFileReference; lastKnownFileType = sourcecode.c.c; path = getchar.c; sourceTree = "<group>"; };
		F581BDB228EC114A00714C28 /* gets.c */ = {isa = PBXFileReference; lastKnownFileType = sourcecode.c.c; path = gets.c; sourceTree = "<group>"; };
		F581BDB428EC123C00714C28 /* scanf_printf.c */ = {isa = PBXFileReference; lastKnownFileType = sourcecode.c.c; path = scanf_printf.c; sourceTree = "<group>"; };
/* End PBXFileReference section */

/* Begin PBXFrameworksBuildPhase section */
		F581BD9628EBEDF000714C28 /* Frameworks */ = {
			isa = PBXFrameworksBuildPhase;
			buildActionMask = 2147483647;
			files = (
			);
			runOnlyForDeploymentPostprocessing = 0;
		};
/* End PBXFrameworksBuildPhase section */

/* Begin PBXGroup section */
		F581BD9028EBEDF000714C28 = {
			isa = PBXGroup;
			children = (
				F581BD9B28EBEDF000714C28 /* Week05 */,
				F581BD9A28EBEDF000714C28 /* Products */,
			);
			sourceTree = "<group>";
		};
		F581BD9A28EBEDF000714C28 /* Products */ = {
			isa = PBXGroup;
			children = (
				F581BD9928EBEDF000714C28 /* Week05 */,
			);
			name = Products;
			sourceTree = "<group>";
		};
		F581BD9B28EBEDF000714C28 /* Week05 */ = {
			isa = PBXGroup;
			children = (
				F581BD9C28EBEDF000714C28 /* imageProcessing.c */,
				F581BDA328EC016F00714C28 /* string1.c */,
				F581BDA528EC046200714C28 /* string2.c */,
				F581BDA728EC04DF00714C28 /* string3.c */,
				F581BDA928EC066400714C28 /* string4.c */,
				F581BDAB28EC0EB000714C28 /* stringConst.c */,
				F581BDAD28EC101100714C28 /* getchar.c */,
				F581BDB228EC114A00714C28 /* gets.c */,
				F581BDB428EC123C00714C28 /* scanf_printf.c */,
			);
			path = Week05;
			sourceTree = "<group>";
		};
/* End PBXGroup section */

/* Begin PBXNativeTarget section */
		F581BD9828EBEDF000714C28 /* Week05 */ = {
			isa = PBXNativeTarget;
			buildConfigurationList = F581BDA028EBEDF000714C28 /* Build configuration list for PBXNativeTarget "Week05" */;
			buildPhases = (
				F581BD9528EBEDF000714C28 /* Sources */,
				F581BD9628EBEDF000714C28 /* Frameworks */,
				F581BD9728EBEDF000714C28 /* CopyFiles */,
			);
			buildRules = (
			);
			dependencies = (
			);
			name = Week05;
			productName = Week05;
			productReference = F581BD9928EBEDF000714C28 /* Week05 */;
			productType = "com.apple.product-type.tool";
		};
/* End PBXNativeTarget section */

/* Begin PBXProject section */
		F581BD9128EBEDF000714C28 /* Project object */ = {
			isa = PBXProject;
			attributes = {
				BuildIndependentTargetsInParallel = 1;
				LastUpgradeCheck = 1400;
				TargetAttributes = {
					F581BD9828EBEDF000714C28 = {
						CreatedOnToolsVersion = 14.0.1;
					};
				};
			};
			buildConfigurationList = F581BD9428EBEDF000714C28 /* Build configuration list for PBXProject "Week05" */;
			compatibilityVersion = "Xcode 14.0";
			developmentRegion = en;
			hasScannedForEncodings = 0;
			knownRegions = (
				en,
				Base,
			);
			mainGroup = F581BD9028EBEDF000714C28;
			productRefGroup = F581BD9A28EBEDF000714C28 /* Products */;
			projectDirPath = "";
			projectRoot = "";
			targets = (
				F581BD9828EBEDF000714C28 /* Week05 */,
			);
		};
/* End PBXProject section */

/* Begin PBXSourcesBuildPhase section */
		F581BD9528EBEDF000714C28 /* Sources */ = {
			isa = PBXSourcesBuildPhase;
			buildActionMask = 2147483647;
			files = (
				F581BDB628EC12B700714C28 /* gets.c in Sources */,
			);
			runOnlyForDeploymentPostprocessing = 0;
		};
/* End PBXSourcesBuildPhase section */

/* Begin XCBuildConfiguration section */
		F581BD9E28EBEDF000714C28 /* Debug */ = {
			isa = XCBuildConfiguration;
			buildSettings = {
				ALWAYS_SEARCH_USER_PATHS = NO;
				CLANG_ANALYZER_NONNULL = YES;
				CLANG_ANALYZER_NUMBER_OBJECT_CONVERSION = YES_AGGRESSIVE;
				CLANG_CXX_LANGUAGE_STANDARD = "gnu++20";
				CLANG_ENABLE_MODULES = YES;
				CLANG_ENABLE_OBJC_ARC = YES;
				CLANG_ENABLE_OBJC_WEAK = YES;
				CLANG_WARN_BLOCK_CAPTURE_AUTORELEASING = YES;
				CLANG_WARN_BOOL_CONVERSION = YES;
				CLANG_WARN_COMMA = YES;
				CLANG_WARN_CONSTANT_CONVERSION = YES;
				CLANG_WARN_DEPRECATED_OBJC_IMPLEMENTATIONS = YES;
				CLANG_WARN_DIRECT_OBJC_ISA_USAGE = YES_ERROR;
				CLANG_WARN_DOCUMENTATION_COMMENTS = YES;
				CLANG_WARN_EMPTY_BODY = YES;
				CLANG_WARN_ENUM_CONVERSION = YES;
				CLANG_WARN_INFINITE_RECURSION = YES;
				CLANG_WARN_INT_CONVERSION = YES;
				CLANG_WARN_NON_LITERAL_NULL_CONVERSION = YES;
				CLANG_WARN_OBJC_IMPLICIT_RETAIN_SELF = YES;
				CLANG_WARN_OBJC_LITERAL_CONVERSION = YES;
				CLANG_WARN_OBJC_ROOT_CLASS = YES_ERROR;
				CLANG_WARN_QUOTED_INCLUDE_IN_FRAMEWORK_HEADER = YES;
				CLANG_WARN_RANGE_LOOP_ANALYSIS = YES;
				CLANG_WARN_STRICT_PROTOTYPES = YES;
				CLANG_WARN_SUSPICIOUS_MOVE = YES;
				CLANG_WARN_UNGUARDED_AVAILABILITY = YES_AGGRESSIVE;
				CLANG_WARN_UNREACHABLE_CODE = YES;
				CLANG_WARN__DUPLICATE_METHOD_MATCH = YES;
				COPY_PHASE_STRIP = NO;
				DEBUG_INFORMATION_FORMAT = dwarf;
				ENABLE_STRICT_OBJC_MSGSEND = YES;
				ENABLE_TESTABILITY = YES;
				GCC_C_LANGUAGE_STANDARD = gnu11;
				GCC_DYNAMIC_NO_PIC = NO;
				GCC_NO_COMMON_BLOCKS = YES;
				GCC_OPTIMIZATION_LEVEL = 0;
				GCC_PREPROCESSOR_DEFINITIONS = (
					"DEBUG=1",
					"$(inherited)",
				);
				GCC_WARN_64_TO_32_BIT_CONVERSION = YES;
				GCC_WARN_ABOUT_RETURN_TYPE = YES_ERROR;
				GCC_WARN_UNDECLARED_SELECTOR = YES;
				GCC_WARN_UNINITIALIZED_AUTOS = YES_AGGRESSIVE;
				GCC_WARN_UNUSED_FUNCTION = YES;
				GCC_WARN_UNUSED_VARIABLE = YES;
				MACOSX_DEPLOYMENT_TARGET = 12.3;
				MTL_ENABLE_DEBUG_INFO = INCLUDE_SOURCE;
				MTL_FAST_MATH = YES;
				ONLY_ACTIVE_ARCH = YES;
				SDKROOT = macosx;
			};
			name = Debug;
		};
		F581BD9F28EBEDF000714C28 /* Release */ = {
			isa = XCBuildConfiguration;
			buildSettings = {
				ALWAYS_SEARCH_USER_PATHS = NO;
				CLANG_ANALYZER_NONNULL = YES;
				CLANG_ANALYZER_NUMBER_OBJECT_CONVERSION = YES_AGGRESSIVE;
				CLANG_CXX_LANGUAGE_STANDARD = "gnu++20";
				CLANG_ENABLE_MODULES = YES;
				CLANG_ENABLE_OBJC_ARC = YES;
				CLANG_ENABLE_OBJC_WEAK = YES;
				CLANG_WARN_BLOCK_CAPTURE_AUTORELEASING = YES;
				CLANG_WARN_BOOL_CONVERSION = YES;
				CLANG_WARN_COMMA = YES;
				CLANG_WARN_CONSTANT_CONVERSION = YES;
				CLANG_WARN_DEPRECATED_OBJC_IMPLEMENTATIONS = YES;
				CLANG_WARN_DIRECT_OBJC_ISA_USAGE = YES_ERROR;
				CLANG_WARN_DOCUMENTATION_COMMENTS = YES;
				CLANG_WARN_EMPTY_BODY = YES;
				CLANG_WARN_ENUM_CONVERSION = YES;
				CLANG_WARN_INFINITE_RECURSION = YES;
				CLANG_WARN_INT_CONVERSION = YES;
				CLANG_WARN_NON_LITERAL_NULL_CONVERSION = YES;
				CLANG_WARN_OBJC_IMPLICIT_RETAIN_SELF = YES;
				CLANG_WARN_OBJC_LITERAL_CONVERSION = YES;
				CLANG_WARN_OBJC_ROOT_CLASS = YES_ERROR;
				CLANG_WARN_QUOTED_INCLUDE_IN_FRAMEWORK_HEADER = YES;
				CLANG_WARN_RANGE_LOOP_ANALYSIS = YES;
				CLANG_WARN_STRICT_PROTOTYPES = YES;
				CLANG_WARN_SUSPICIOUS_MOVE = YES;
				CLANG_WARN_UNGUARDED_AVAILABILITY = YES_AGGRESSIVE;
				CLANG_WARN_UNREACHABLE_CODE = YES;
				CLANG_WARN__DUPLICATE_METHOD_MATCH = YES;
				COPY_PHASE_STRIP = NO;
				DEBUG_INFORMATION_FORMAT = "dwarf-with-dsym";
				ENABLE_NS_ASSERTIONS = NO;
				ENABLE_STRICT_OBJC_MSGSEND = YES;
				GCC_C_LANGUAGE_STANDARD = gnu11;
				GCC_NO_COMMON_BLOCKS = YES;
				GCC_WARN_64_TO_32_BIT_CONVERSION = YES;
				GCC_WARN_ABOUT_RETURN_TYPE = YES_ERROR;
				GCC_WARN_UNDECLARED_SELECTOR = YES;
				GCC_WARN_UNINITIALIZED_AUTOS = YES_AGGRESSIVE;
				GCC_WARN_UNUSED_FUNCTION = YES;
				GCC_WARN_UNUSED_VARIABLE = YES;
				MACOSX_DEPLOYMENT_TARGET = 12.3;
				MTL_ENABLE_DEBUG_INFO = NO;
				MTL_FAST_MATH = YES;
				SDKROOT = macosx;
			};
			name = Release;
		};
		F581BDA128EBEDF000714C28 /* Debug */ = {
			isa = XCBuildConfiguration;
			buildSettings = {
				CODE_SIGN_STYLE = Automatic;
				DEVELOPMENT_TEAM = VW2UR5Y845;
				ENABLE_HARDENED_RUNTIME = YES;
				PRODUCT_NAME = "$(TARGET_NAME)";
			};
			name = Debug;
		};
		F581BDA228EBEDF000714C28 /* Release */ = {
			isa = XCBuildConfiguration;
			buildSettings = {
				CODE_SIGN_STYLE = Automatic;
				DEVELOPMENT_TEAM = VW2UR5Y845;
				ENABLE_HARDENED_RUNTIME = YES;
				PRODUCT_NAME = "$(TARGET_NAME)";
			};
			name = Release;
		};
/* End XCBuildConfiguration section */

/* Begin XCConfigurationList section */
		F581BD9428EBEDF000714C28 /* Build configuration list for PBXProject "Week05" */ = {
			isa = XCConfigurationList;
			buildConfigurations = (
				F581BD9E28EBEDF000714C28 /* Debug */,
				F581BD9F28EBEDF000714C28 /* Release */,
			);
			defaultConfigurationIsVisible = 0;
			defaultConfigurationName = Release;
		};
		F581BDA028EBEDF000714C28 /* Build configuration list for PBXNativeTarget "Week05" */ = {
			isa = XCConfigurationList;
			buildConfigurations = (
				F581BDA128EBEDF000714C28 /* Debug */,
				F581BDA228EBEDF000714C28 /* Release */,
			);
			defaultConfigurationIsVisible = 0;
			defaultConfigurationName = Release;
		};
/* End XCConfigurationList section */
	};
	rootObject = F581BD9128EBEDF000714C28 /* Project object */;
}
