// !$*UTF8*$!
{
	archiveVersion = 1;
	classes = {
	};
	objectVersion = 56;
	objects = {

/* Begin PBXBuildFile section */
		F5EE1C2C28E2D736004C2910 /* p_func.c in Sources */ = {isa = PBXBuildFile; fileRef = F5EE1C2B28E2D736004C2910 /* p_func.c */; };
/* End PBXBuildFile section */

/* Begin PBXCopyFilesBuildPhase section */
		F5EE1C1528E2B4A6004C2910 /* CopyFiles */ = {
			isa = PBXCopyFilesBuildPhase;
			buildActionMask = 2147483647;
			dstPath = /usr/share/man/man1/;
			dstSubfolderSpec = 0;
			files = (
			);
			runOnlyForDeploymentPostprocessing = 1;
		};
/* End PBXCopyFilesBuildPhase section */

/* Begin PBXFileReference section */
		F5EE1C1728E2B4A6004C2910 /* Week04 */ = {isa = PBXFileReference; explicitFileType = "compiled.mach-o.executable"; includeInIndex = 0; path = Week04; sourceTree = BUILT_PRODUCTS_DIR; };
		F5EE1C1A28E2B4A6004C2910 /* swap1.c */ = {isa = PBXFileReference; lastKnownFileType = sourcecode.c.c; path = swap1.c; sourceTree = "<group>"; };
		F5EE1C2128E2B9B8004C2910 /* swap2.c */ = {isa = PBXFileReference; lastKnownFileType = sourcecode.c.c; path = swap2.c; sourceTree = "<group>"; };
		F5EE1C2328E2C179004C2910 /* slope.c */ = {isa = PBXFileReference; lastKnownFileType = sourcecode.c.c; path = slope.c; sourceTree = "<group>"; };
		F5EE1C2528E2C47C004C2910 /* p_array1.c */ = {isa = PBXFileReference; lastKnownFileType = sourcecode.c.c; path = p_array1.c; sourceTree = "<group>"; };
		F5EE1C2728E2CA37004C2910 /* p_array2.c */ = {isa = PBXFileReference; lastKnownFileType = sourcecode.c.c; path = p_array2.c; sourceTree = "<group>"; };
		F5EE1C2928E2D0D9004C2910 /* p_array3.c */ = {isa = PBXFileReference; lastKnownFileType = sourcecode.c.c; path = p_array3.c; sourceTree = "<group>"; };
		F5EE1C2B28E2D736004C2910 /* p_func.c */ = {isa = PBXFileReference; lastKnownFileType = sourcecode.c.c; path = p_func.c; sourceTree = "<group>"; };
/* End PBXFileReference section */

/* Begin PBXFrameworksBuildPhase section */
		F5EE1C1428E2B4A6004C2910 /* Frameworks */ = {
			isa = PBXFrameworksBuildPhase;
			buildActionMask = 2147483647;
			files = (
			);
			runOnlyForDeploymentPostprocessing = 0;
		};
/* End PBXFrameworksBuildPhase section */

/* Begin PBXGroup section */
		F5EE1C0E28E2B4A6004C2910 = {
			isa = PBXGroup;
			children = (
				F5EE1C1928E2B4A6004C2910 /* Week04 */,
				F5EE1C1828E2B4A6004C2910 /* Products */,
			);
			sourceTree = "<group>";
		};
		F5EE1C1828E2B4A6004C2910 /* Products */ = {
			isa = PBXGroup;
			children = (
				F5EE1C1728E2B4A6004C2910 /* Week04 */,
			);
			name = Products;
			sourceTree = "<group>";
		};
		F5EE1C1928E2B4A6004C2910 /* Week04 */ = {
			isa = PBXGroup;
			children = (
				F5EE1C1A28E2B4A6004C2910 /* swap1.c */,
				F5EE1C2128E2B9B8004C2910 /* swap2.c */,
				F5EE1C2328E2C179004C2910 /* slope.c */,
				F5EE1C2528E2C47C004C2910 /* p_array1.c */,
				F5EE1C2728E2CA37004C2910 /* p_array2.c */,
				F5EE1C2928E2D0D9004C2910 /* p_array3.c */,
				F5EE1C2B28E2D736004C2910 /* p_func.c */,
			);
			path = Week04;
			sourceTree = "<group>";
		};
/* End PBXGroup section */

/* Begin PBXNativeTarget section */
		F5EE1C1628E2B4A6004C2910 /* Week04 */ = {
			isa = PBXNativeTarget;
			buildConfigurationList = F5EE1C1E28E2B4A6004C2910 /* Build configuration list for PBXNativeTarget "Week04" */;
			buildPhases = (
				F5EE1C1328E2B4A6004C2910 /* Sources */,
				F5EE1C1428E2B4A6004C2910 /* Frameworks */,
				F5EE1C1528E2B4A6004C2910 /* CopyFiles */,
			);
			buildRules = (
			);
			dependencies = (
			);
			name = Week04;
			productName = Week04;
			productReference = F5EE1C1728E2B4A6004C2910 /* Week04 */;
			productType = "com.apple.product-type.tool";
		};
/* End PBXNativeTarget section */

/* Begin PBXProject section */
		F5EE1C0F28E2B4A6004C2910 /* Project object */ = {
			isa = PBXProject;
			attributes = {
				BuildIndependentTargetsInParallel = 1;
				LastUpgradeCheck = 1400;
				TargetAttributes = {
					F5EE1C1628E2B4A6004C2910 = {
						CreatedOnToolsVersion = 14.0;
					};
				};
			};
			buildConfigurationList = F5EE1C1228E2B4A6004C2910 /* Build configuration list for PBXProject "Week04" */;
			compatibilityVersion = "Xcode 14.0";
			developmentRegion = en;
			hasScannedForEncodings = 0;
			knownRegions = (
				en,
				Base,
			);
			mainGroup = F5EE1C0E28E2B4A6004C2910;
			productRefGroup = F5EE1C1828E2B4A6004C2910 /* Products */;
			projectDirPath = "";
			projectRoot = "";
			targets = (
				F5EE1C1628E2B4A6004C2910 /* Week04 */,
			);
		};
/* End PBXProject section */

/* Begin PBXSourcesBuildPhase section */
		F5EE1C1328E2B4A6004C2910 /* Sources */ = {
			isa = PBXSourcesBuildPhase;
			buildActionMask = 2147483647;
			files = (
				F5EE1C2C28E2D736004C2910 /* p_func.c in Sources */,
			);
			runOnlyForDeploymentPostprocessing = 0;
		};
/* End PBXSourcesBuildPhase section */

/* Begin XCBuildConfiguration section */
		F5EE1C1C28E2B4A6004C2910 /* Debug */ = {
			isa = XCBuildConfiguration;
			buildSettings = {
				ALWAYS_SEARCH_USER_PATHS = NO;
				CLANG_ANALYZER_NONNULL = YES;
				CLANG_ANALYZER_NUMBER_OBJECT_CONVERSION = YES_AGGRESSIVE;
				CLANG_CXX_LANGUAGE_STANDARD = "gnu++20";
				CLANG_ENABLE_MODULES = YES;
				CLANG_ENABLE_OBJC_ARC = YES;
				CLANG_ENABLE_OBJC_WEAK = YES;
				CLANG_WARN_BLOCK_CAPTURE_AUTORELEASING = YES;
				CLANG_WARN_BOOL_CONVERSION = YES;
				CLANG_WARN_COMMA = YES;
				CLANG_WARN_CONSTANT_CONVERSION = YES;
				CLANG_WARN_DEPRECATED_OBJC_IMPLEMENTATIONS = YES;
				CLANG_WARN_DIRECT_OBJC_ISA_USAGE = YES_ERROR;
				CLANG_WARN_DOCUMENTATION_COMMENTS = YES;
				CLANG_WARN_EMPTY_BODY = YES;
				CLANG_WARN_ENUM_CONVERSION = YES;
				CLANG_WARN_INFINITE_RECURSION = YES;
				CLANG_WARN_INT_CONVERSION = YES;
				CLANG_WARN_NON_LITERAL_NULL_CONVERSION = YES;
				CLANG_WARN_OBJC_IMPLICIT_RETAIN_SELF = YES;
				CLANG_WARN_OBJC_LITERAL_CONVERSION = YES;
				CLANG_WARN_OBJC_ROOT_CLASS = YES_ERROR;
				CLANG_WARN_QUOTED_INCLUDE_IN_FRAMEWORK_HEADER = YES;
				CLANG_WARN_RANGE_LOOP_ANALYSIS = YES;
				CLANG_WARN_STRICT_PROTOTYPES = YES;
				CLANG_WARN_SUSPICIOUS_MOVE = YES;
				CLANG_WARN_UNGUARDED_AVAILABILITY = YES_AGGRESSIVE;
				CLANG_WARN_UNREACHABLE_CODE = YES;
				CLANG_WARN__DUPLICATE_METHOD_MATCH = YES;
				COPY_PHASE_STRIP = NO;
				DEBUG_INFORMATION_FORMAT = dwarf;
				ENABLE_STRICT_OBJC_MSGSEND = YES;
				ENABLE_TESTABILITY = YES;
				GCC_C_LANGUAGE_STANDARD = gnu11;
				GCC_DYNAMIC_NO_PIC = NO;
				GCC_NO_COMMON_BLOCKS = YES;
				GCC_OPTIMIZATION_LEVEL = 0;
				GCC_PREPROCESSOR_DEFINITIONS = (
					"DEBUG=1",
					"$(inherited)",
				);
				GCC_WARN_64_TO_32_BIT_CONVERSION = YES;
				GCC_WARN_ABOUT_RETURN_TYPE = YES_ERROR;
				GCC_WARN_UNDECLARED_SELECTOR = YES;
				GCC_WARN_UNINITIALIZED_AUTOS = YES_AGGRESSIVE;
				GCC_WARN_UNUSED_FUNCTION = YES;
				GCC_WARN_UNUSED_VARIABLE = YES;
				MACOSX_DEPLOYMENT_TARGET = 12.3;
				MTL_ENABLE_DEBUG_INFO = INCLUDE_SOURCE;
				MTL_FAST_MATH = YES;
				ONLY_ACTIVE_ARCH = YES;
				SDKROOT = macosx;
			};
			name = Debug;
		};
		F5EE1C1D28E2B4A6004C2910 /* Release */ = {
			isa = XCBuildConfiguration;
			buildSettings = {
				ALWAYS_SEARCH_USER_PATHS = NO;
				CLANG_ANALYZER_NONNULL = YES;
				CLANG_ANALYZER_NUMBER_OBJECT_CONVERSION = YES_AGGRESSIVE;
				CLANG_CXX_LANGUAGE_STANDARD = "gnu++20";
				CLANG_ENABLE_MODULES = YES;
				CLANG_ENABLE_OBJC_ARC = YES;
				CLANG_ENABLE_OBJC_WEAK = YES;
				CLANG_WARN_BLOCK_CAPTURE_AUTORELEASING = YES;
				CLANG_WARN_BOOL_CONVERSION = YES;
				CLANG_WARN_COMMA = YES;
				CLANG_WARN_CONSTANT_CONVERSION = YES;
				CLANG_WARN_DEPRECATED_OBJC_IMPLEMENTATIONS = YES;
				CLANG_WARN_DIRECT_OBJC_ISA_USAGE = YES_ERROR;
				CLANG_WARN_DOCUMENTATION_COMMENTS = YES;
				CLANG_WARN_EMPTY_BODY = YES;
				CLANG_WARN_ENUM_CONVERSION = YES;
				CLANG_WARN_INFINITE_RECURSION = YES;
				CLANG_WARN_INT_CONVERSION = YES;
				CLANG_WARN_NON_LITERAL_NULL_CONVERSION = YES;
				CLANG_WARN_OBJC_IMPLICIT_RETAIN_SELF = YES;
				CLANG_WARN_OBJC_LITERAL_CONVERSION = YES;
				CLANG_WARN_OBJC_ROOT_CLASS = YES_ERROR;
				CLANG_WARN_QUOTED_INCLUDE_IN_FRAMEWORK_HEADER = YES;
				CLANG_WARN_RANGE_LOOP_ANALYSIS = YES;
				CLANG_WARN_STRICT_PROTOTYPES = YES;
				CLANG_WARN_SUSPICIOUS_MOVE = YES;
				CLANG_WARN_UNGUARDED_AVAILABILITY = YES_AGGRESSIVE;
				CLANG_WARN_UNREACHABLE_CODE = YES;
				CLANG_WARN__DUPLICATE_METHOD_MATCH = YES;
				COPY_PHASE_STRIP = NO;
				DEBUG_INFORMATION_FORMAT = "dwarf-with-dsym";
				ENABLE_NS_ASSERTIONS = NO;
				ENABLE_STRICT_OBJC_MSGSEND = YES;
				GCC_C_LANGUAGE_STANDARD = gnu11;
				GCC_NO_COMMON_BLOCKS = YES;
				GCC_WARN_64_TO_32_BIT_CONVERSION = YES;
				GCC_WARN_ABOUT_RETURN_TYPE = YES_ERROR;
				GCC_WARN_UNDECLARED_SELECTOR = YES;
				GCC_WARN_UNINITIALIZED_AUTOS = YES_AGGRESSIVE;
				GCC_WARN_UNUSED_FUNCTION = YES;
				GCC_WARN_UNUSED_VARIABLE = YES;
				MACOSX_DEPLOYMENT_TARGET = 12.3;
				MTL_ENABLE_DEBUG_INFO = NO;
				MTL_FAST_MATH = YES;
				SDKROOT = macosx;
			};
			name = Release;
		};
		F5EE1C1F28E2B4A6004C2910 /* Debug */ = {
			isa = XCBuildConfiguration;
			buildSettings = {
				CODE_SIGN_STYLE = Automatic;
				DEVELOPMENT_TEAM = VW2UR5Y845;
				ENABLE_HARDENED_RUNTIME = YES;
				PRODUCT_NAME = "$(TARGET_NAME)";
			};
			name = Debug;
		};
		F5EE1C2028E2B4A6004C2910 /* Release */ = {
			isa = XCBuildConfiguration;
			buildSettings = {
				CODE_SIGN_STYLE = Automatic;
				DEVELOPMENT_TEAM = VW2UR5Y845;
				ENABLE_HARDENED_RUNTIME = YES;
				PRODUCT_NAME = "$(TARGET_NAME)";
			};
			name = Release;
		};
/* End XCBuildConfiguration section */

/* Begin XCConfigurationList section */
		F5EE1C1228E2B4A6004C2910 /* Build configuration list for PBXProject "Week04" */ = {
			isa = XCConfigurationList;
			buildConfigurations = (
				F5EE1C1C28E2B4A6004C2910 /* Debug */,
				F5EE1C1D28E2B4A6004C2910 /* Release */,
			);
			defaultConfigurationIsVisible = 0;
			defaultConfigurationName = Release;
		};
		F5EE1C1E28E2B4A6004C2910 /* Build configuration list for PBXNativeTarget "Week04" */ = {
			isa = XCConfigurationList;
			buildConfigurations = (
				F5EE1C1F28E2B4A6004C2910 /* Debug */,
				F5EE1C2028E2B4A6004C2910 /* Release */,
			);
			defaultConfigurationIsVisible = 0;
			defaultConfigurationName = Release;
		};
/* End XCConfigurationList section */
	};
	rootObject = F5EE1C0F28E2B4A6004C2910 /* Project object */;
}
