// !$*UTF8*$!
{
	archiveVersion = 1;
	classes = {
	};
	objectVersion = 56;
	objects = {

/* Begin PBXBuildFile section */
		F50AE96628D99C67008D2BEF /* pointer_arith3.c in Sources */ = {isa = PBXBuildFile; fileRef = F50AE96528D99C67008D2BEF /* pointer_arith3.c */; };
/* End PBXBuildFile section */

/* Begin PBXCopyFilesBuildPhase section */
		F50AE94F28D97B66008D2BEF /* CopyFiles */ = {
			isa = PBXCopyFilesBuildPhase;
			buildActionMask = 2147483647;
			dstPath = /usr/share/man/man1/;
			dstSubfolderSpec = 0;
			files = (
			);
			runOnlyForDeploymentPostprocessing = 1;
		};
/* End PBXCopyFilesBuildPhase section */

/* Begin PBXFileReference section */
		F50AE95128D97B66008D2BEF /* Week03 */ = {isa = PBXFileReference; explicitFileType = "compiled.mach-o.executable"; includeInIndex = 0; path = Week03; sourceTree = BUILT_PRODUCTS_DIR; };
		F50AE95428D97B66008D2BEF /* address_of.c */ = {isa = PBXFileReference; lastKnownFileType = sourcecode.c.c; path = address_of.c; sourceTree = "<group>"; };
		F50AE95B28D9872D008D2BEF /* pointer_variable.c */ = {isa = PBXFileReference; lastKnownFileType = sourcecode.c.c; path = pointer_variable.c; sourceTree = "<group>"; };
		F50AE95D28D98FE2008D2BEF /* pointer1.c */ = {isa = PBXFileReference; lastKnownFileType = sourcecode.c.c; path = pointer1.c; sourceTree = "<group>"; };
		F50AE95F28D99142008D2BEF /* pointer2.c */ = {isa = PBXFileReference; lastKnownFileType = sourcecode.c.c; path = pointer2.c; sourceTree = "<group>"; };
		F50AE96128D996F3008D2BEF /* pointer_arith1.c */ = {isa = PBXFileReference; lastKnownFileType = sourcecode.c.c; path = pointer_arith1.c; sourceTree = "<group>"; };
		F50AE96328D999F9008D2BEF /* pointer_arith2.c */ = {isa = PBXFileReference; lastKnownFileType = sourcecode.c.c; path = pointer_arith2.c; sourceTree = "<group>"; };
		F50AE96528D99C67008D2BEF /* pointer_arith3.c */ = {isa = PBXFileReference; lastKnownFileType = sourcecode.c.c; path = pointer_arith3.c; sourceTree = "<group>"; };
/* End PBXFileReference section */

/* Begin PBXFrameworksBuildPhase section */
		F50AE94E28D97B66008D2BEF /* Frameworks */ = {
			isa = PBXFrameworksBuildPhase;
			buildActionMask = 2147483647;
			files = (
			);
			runOnlyForDeploymentPostprocessing = 0;
		};
/* End PBXFrameworksBuildPhase section */

/* Begin PBXGroup section */
		F50AE94828D97B66008D2BEF = {
			isa = PBXGroup;
			children = (
				F50AE95328D97B66008D2BEF /* Week03 */,
				F50AE95228D97B66008D2BEF /* Products */,
			);
			sourceTree = "<group>";
		};
		F50AE95228D97B66008D2BEF /* Products */ = {
			isa = PBXGroup;
			children = (
				F50AE95128D97B66008D2BEF /* Week03 */,
			);
			name = Products;
			sourceTree = "<group>";
		};
		F50AE95328D97B66008D2BEF /* Week03 */ = {
			isa = PBXGroup;
			children = (
				F50AE95428D97B66008D2BEF /* address_of.c */,
				F50AE95B28D9872D008D2BEF /* pointer_variable.c */,
				F50AE95D28D98FE2008D2BEF /* pointer1.c */,
				F50AE95F28D99142008D2BEF /* pointer2.c */,
				F50AE96128D996F3008D2BEF /* pointer_arith1.c */,
				F50AE96328D999F9008D2BEF /* pointer_arith2.c */,
				F50AE96528D99C67008D2BEF /* pointer_arith3.c */,
			);
			path = Week03;
			sourceTree = "<group>";
		};
/* End PBXGroup section */

/* Begin PBXNativeTarget section */
		F50AE95028D97B66008D2BEF /* Week03 */ = {
			isa = PBXNativeTarget;
			buildConfigurationList = F50AE95828D97B66008D2BEF /* Build configuration list for PBXNativeTarget "Week03" */;
			buildPhases = (
				F50AE94D28D97B66008D2BEF /* Sources */,
				F50AE94E28D97B66008D2BEF /* Frameworks */,
				F50AE94F28D97B66008D2BEF /* CopyFiles */,
			);
			buildRules = (
			);
			dependencies = (
			);
			name = Week03;
			productName = Week03;
			productReference = F50AE95128D97B66008D2BEF /* Week03 */;
			productType = "com.apple.product-type.tool";
		};
/* End PBXNativeTarget section */

/* Begin PBXProject section */
		F50AE94928D97B66008D2BEF /* Project object */ = {
			isa = PBXProject;
			attributes = {
				BuildIndependentTargetsInParallel = 1;
				LastUpgradeCheck = 1400;
				TargetAttributes = {
					F50AE95028D97B66008D2BEF = {
						CreatedOnToolsVersion = 14.0;
					};
				};
			};
			buildConfigurationList = F50AE94C28D97B66008D2BEF /* Build configuration list for PBXProject "Week03" */;
			compatibilityVersion = "Xcode 14.0";
			developmentRegion = en;
			hasScannedForEncodings = 0;
			knownRegions = (
				en,
				Base,
			);
			mainGroup = F50AE94828D97B66008D2BEF;
			productRefGroup = F50AE95228D97B66008D2BEF /* Products */;
			projectDirPath = "";
			projectRoot = "";
			targets = (
				F50AE95028D97B66008D2BEF /* Week03 */,
			);
		};
/* End PBXProject section */

/* Begin PBXSourcesBuildPhase section */
		F50AE94D28D97B66008D2BEF /* Sources */ = {
			isa = PBXSourcesBuildPhase;
			buildActionMask = 2147483647;
			files = (
				F50AE96628D99C67008D2BEF /* pointer_arith3.c in Sources */,
			);
			runOnlyForDeploymentPostprocessing = 0;
		};
/* End PBXSourcesBuildPhase section */

/* Begin XCBuildConfiguration section */
		F50AE95628D97B66008D2BEF /* Debug */ = {
			isa = XCBuildConfiguration;
			buildSettings = {
				ALWAYS_SEARCH_USER_PATHS = NO;
				CLANG_ANALYZER_NONNULL = YES;
				CLANG_ANALYZER_NUMBER_OBJECT_CONVERSION = YES_AGGRESSIVE;
				CLANG_CXX_LANGUAGE_STANDARD = "gnu++20";
				CLANG_ENABLE_MODULES = YES;
				CLANG_ENABLE_OBJC_ARC = YES;
				CLANG_ENABLE_OBJC_WEAK = YES;
				CLANG_WARN_BLOCK_CAPTURE_AUTORELEASING = YES;
				CLANG_WARN_BOOL_CONVERSION = YES;
				CLANG_WARN_COMMA = YES;
				CLANG_WARN_CONSTANT_CONVERSION = YES;
				CLANG_WARN_DEPRECATED_OBJC_IMPLEMENTATIONS = YES;
				CLANG_WARN_DIRECT_OBJC_ISA_USAGE = YES_ERROR;
				CLANG_WARN_DOCUMENTATION_COMMENTS = YES;
				CLANG_WARN_EMPTY_BODY = YES;
				CLANG_WARN_ENUM_CONVERSION = YES;
				CLANG_WARN_INFINITE_RECURSION = YES;
				CLANG_WARN_INT_CONVERSION = YES;
				CLANG_WARN_NON_LITERAL_NULL_CONVERSION = YES;
				CLANG_WARN_OBJC_IMPLICIT_RETAIN_SELF = YES;
				CLANG_WARN_OBJC_LITERAL_CONVERSION = YES;
				CLANG_WARN_OBJC_ROOT_CLASS = YES_ERROR;
				CLANG_WARN_QUOTED_INCLUDE_IN_FRAMEWORK_HEADER = YES;
				CLANG_WARN_RANGE_LOOP_ANALYSIS = YES;
				CLANG_WARN_STRICT_PROTOTYPES = YES;
				CLANG_WARN_SUSPICIOUS_MOVE = YES;
				CLANG_WARN_UNGUARDED_AVAILABILITY = YES_AGGRESSIVE;
				CLANG_WARN_UNREACHABLE_CODE = YES;
				CLANG_WARN__DUPLICATE_METHOD_MATCH = YES;
				COPY_PHASE_STRIP = NO;
				DEBUG_INFORMATION_FORMAT = dwarf;
				ENABLE_STRICT_OBJC_MSGSEND = YES;
				ENABLE_TESTABILITY = YES;
				GCC_C_LANGUAGE_STANDARD = gnu11;
				GCC_DYNAMIC_NO_PIC = NO;
				GCC_NO_COMMON_BLOCKS = YES;
				GCC_OPTIMIZATION_LEVEL = 0;
				GCC_PREPROCESSOR_DEFINITIONS = (
					"DEBUG=1",
					"$(inherited)",
				);
				GCC_WARN_64_TO_32_BIT_CONVERSION = YES;
				GCC_WARN_ABOUT_RETURN_TYPE = YES_ERROR;
				GCC_WARN_UNDECLARED_SELECTOR = YES;
				GCC_WARN_UNINITIALIZED_AUTOS = YES_AGGRESSIVE;
				GCC_WARN_UNUSED_FUNCTION = YES;
				GCC_WARN_UNUSED_VARIABLE = YES;
				MACOSX_DEPLOYMENT_TARGET = 12.3;
				MTL_ENABLE_DEBUG_INFO = INCLUDE_SOURCE;
				MTL_FAST_MATH = YES;
				ONLY_ACTIVE_ARCH = YES;
				SDKROOT = macosx;
			};
			name = Debug;
		};
		F50AE95728D97B66008D2BEF /* Release */ = {
			isa = XCBuildConfiguration;
			buildSettings = {
				ALWAYS_SEARCH_USER_PATHS = NO;
				CLANG_ANALYZER_NONNULL = YES;
				CLANG_ANALYZER_NUMBER_OBJECT_CONVERSION = YES_AGGRESSIVE;
				CLANG_CXX_LANGUAGE_STANDARD = "gnu++20";
				CLANG_ENABLE_MODULES = YES;
				CLANG_ENABLE_OBJC_ARC = YES;
				CLANG_ENABLE_OBJC_WEAK = YES;
				CLANG_WARN_BLOCK_CAPTURE_AUTORELEASING = YES;
				CLANG_WARN_BOOL_CONVERSION = YES;
				CLANG_WARN_COMMA = YES;
				CLANG_WARN_CONSTANT_CONVERSION = YES;
				CLANG_WARN_DEPRECATED_OBJC_IMPLEMENTATIONS = YES;
				CLANG_WARN_DIRECT_OBJC_ISA_USAGE = YES_ERROR;
				CLANG_WARN_DOCUMENTATION_COMMENTS = YES;
				CLANG_WARN_EMPTY_BODY = YES;
				CLANG_WARN_ENUM_CONVERSION = YES;
				CLANG_WARN_INFINITE_RECURSION = YES;
				CLANG_WARN_INT_CONVERSION = YES;
				CLANG_WARN_NON_LITERAL_NULL_CONVERSION = YES;
				CLANG_WARN_OBJC_IMPLICIT_RETAIN_SELF = YES;
				CLANG_WARN_OBJC_LITERAL_CONVERSION = YES;
				CLANG_WARN_OBJC_ROOT_CLASS = YES_ERROR;
				CLANG_WARN_QUOTED_INCLUDE_IN_FRAMEWORK_HEADER = YES;
				CLANG_WARN_RANGE_LOOP_ANALYSIS = YES;
				CLANG_WARN_STRICT_PROTOTYPES = YES;
				CLANG_WARN_SUSPICIOUS_MOVE = YES;
				CLANG_WARN_UNGUARDED_AVAILABILITY = YES_AGGRESSIVE;
				CLANG_WARN_UNREACHABLE_CODE = YES;
				CLANG_WARN__DUPLICATE_METHOD_MATCH = YES;
				COPY_PHASE_STRIP = NO;
				DEBUG_INFORMATION_FORMAT = "dwarf-with-dsym";
				ENABLE_NS_ASSERTIONS = NO;
				ENABLE_STRICT_OBJC_MSGSEND = YES;
				GCC_C_LANGUAGE_STANDARD = gnu11;
				GCC_NO_COMMON_BLOCKS = YES;
				GCC_WARN_64_TO_32_BIT_CONVERSION = YES;
				GCC_WARN_ABOUT_RETURN_TYPE = YES_ERROR;
				GCC_WARN_UNDECLARED_SELECTOR = YES;
				GCC_WARN_UNINITIALIZED_AUTOS = YES_AGGRESSIVE;
				GCC_WARN_UNUSED_FUNCTION = YES;
				GCC_WARN_UNUSED_VARIABLE = YES;
				MACOSX_DEPLOYMENT_TARGET = 12.3;
				MTL_ENABLE_DEBUG_INFO = NO;
				MTL_FAST_MATH = YES;
				SDKROOT = macosx;
			};
			name = Release;
		};
		F50AE95928D97B66008D2BEF /* Debug */ = {
			isa = XCBuildConfiguration;
			buildSettings = {
				CODE_SIGN_STYLE = Automatic;
				DEVELOPMENT_TEAM = VW2UR5Y845;
				ENABLE_HARDENED_RUNTIME = YES;
				PRODUCT_NAME = "$(TARGET_NAME)";
			};
			name = Debug;
		};
		F50AE95A28D97B66008D2BEF /* Release */ = {
			isa = XCBuildConfiguration;
			buildSettings = {
				CODE_SIGN_STYLE = Automatic;
				DEVELOPMENT_TEAM = VW2UR5Y845;
				ENABLE_HARDENED_RUNTIME = YES;
				PRODUCT_NAME = "$(TARGET_NAME)";
			};
			name = Release;
		};
/* End XCBuildConfiguration section */

/* Begin XCConfigurationList section */
		F50AE94C28D97B66008D2BEF /* Build configuration list for PBXProject "Week03" */ = {
			isa = XCConfigurationList;
			buildConfigurations = (
				F50AE95628D97B66008D2BEF /* Debug */,
				F50AE95728D97B66008D2BEF /* Release */,
			);
			defaultConfigurationIsVisible = 0;
			defaultConfigurationName = Release;
		};
		F50AE95828D97B66008D2BEF /* Build configuration list for PBXNativeTarget "Week03" */ = {
			isa = XCConfigurationList;
			buildConfigurations = (
				F50AE95928D97B66008D2BEF /* Debug */,
				F50AE95A28D97B66008D2BEF /* Release */,
			);
			defaultConfigurationIsVisible = 0;
			defaultConfigurationName = Release;
		};
/* End XCConfigurationList section */
	};
	rootObject = F50AE94928D97B66008D2BEF /* Project object */;
}
